
Microsoft Visual Studio Solution File, Format Version 12.00
# Visual Studio Version 16
VisualStudioVersion = 16.0.31911.196
MinimumVisualStudioVersion = 10.0.40219.1
Project("{FAE04EC0-301F-11D3-BF4B-00C04F79EFBC}") = "Zadanie1", "Zadanie1\Zadanie1.csproj", "{A1E8D469-995F-4AA9-8916-4007F806D1CD}"
EndProject
Global
	GlobalSection(SolutionConfigurationPlatforms) = preSolution
		Debug|Any CPU = Debug|Any CPU
		Release|Any CPU = Release|Any CPU
	EndGlobalSection
	GlobalSection(ProjectConfigurationPlatforms) = postSolution
		{A1E8D469-995F-4AA9-8916-4007F806D1CD}.Debug|Any CPU.ActiveCfg = Debug|Any CPU
		{A1E8D469-995F-4AA9-8916-4007F806D1CD}.Debug|Any CPU.Build.0 = Debug|Any CPU
		{A1E8D469-995F-4AA9-8916-4007F806D1CD}.Release|Any CPU.ActiveCfg = Release|Any CPU
		{A1E8D469-995F-4AA9-8916-4007F806D1CD}.Release|Any CPU.Build.0 = Release|Any CPU
	EndGlobalSection
	GlobalSection(SolutionProperties) = preSolution
		HideSolutionNode = FALSE
	EndGlobalSection
	GlobalSection(ExtensibilityGlobals) = postSolution
		SolutionGuid = {49728076-B5B0-488E-A22E-7A1C800DB179}
	EndGlobalSection
EndGlobal
